
Microsoft Visual Studio Solution File, Format Version 12.00
# Visual Studio Version 17
VisualStudioVersion = 17.5.33516.290
MinimumVisualStudioVersion = 10.0.40219.1
Project("{FAE04EC0-301F-11D3-BF4B-00C04F79EFBC}") = "eTickets", "eTickets\eTickets.csproj", "{975102D7-B8B1-4782-B8FF-0A7F41522B28}"
EndProject
Global
	GlobalSection(SolutionConfigurationPlatforms) = preSolution
		Debug|Any CPU = Debug|Any CPU
		Release|Any CPU = Release|Any CPU
	EndGlobalSection
	GlobalSection(ProjectConfigurationPlatforms) = postSolution
		{975102D7-B8B1-4782-B8FF-0A7F41522B28}.Debug|Any CPU.ActiveCfg = Debug|Any CPU
		{975102D7-B8B1-4782-B8FF-0A7F41522B28}.Debug|Any CPU.Build.0 = Debug|Any CPU
		{975102D7-B8B1-4782-B8FF-0A7F41522B28}.Release|Any CPU.ActiveCfg = Release|Any CPU
		{975102D7-B8B1-4782-B8FF-0A7F41522B28}.Release|Any CPU.Build.0 = Release|Any CPU
	EndGlobalSection
	GlobalSection(SolutionProperties) = preSolution
		HideSolutionNode = FALSE
	EndGlobalSection
	GlobalSection(ExtensibilityGlobals) = postSolution
		SolutionGuid = {ECBA6882-5255-4164-8F74-A9A0EE0FE9FA}
	EndGlobalSection
EndGlobal
